
Microsoft Visual Studio Solution File, Format Version 12.00
# Visual Studio Version 17
VisualStudioVersion = 17.3.32929.385
MinimumVisualStudioVersion = 10.0.40219.1
Project("{FAE04EC0-301F-11D3-BF4B-00C04F79EFBC}") = "Store.Infrastructure", "Store.Infrastructure\Store.Infrastructure.csproj", "{E2217DEF-7867-43BB-BE48-737679C350F3}"
EndProject
Project("{FAE04EC0-301F-11D3-BF4B-00C04F79EFBC}") = "Store.Domain", "Store.Domain\Store.Domain.csproj", "{F80872C8-C1A9-46C1-A917-C41D5DDF39B6}"
EndProject
Project("{FAE04EC0-301F-11D3-BF4B-00C04F79EFBC}") = "Store.Serivce", "Store.Serivce\Store.Serivce.csproj", "{81C184C8-D2F4-44BA-9177-F72F96006FB8}"
EndProject
Project("{FAE04EC0-301F-11D3-BF4B-00C04F79EFBC}") = "Store.DTO", "Store.DTO\Store.DTO.csproj", "{FF02A68A-1573-4199-B731-8C6ECA5B2624}"
EndProject
Global
	GlobalSection(SolutionConfigurationPlatforms) = preSolution
		Debug|Any CPU = Debug|Any CPU
		Release|Any CPU = Release|Any CPU
	EndGlobalSection
	GlobalSection(ProjectConfigurationPlatforms) = postSolution
		{E2217DEF-7867-43BB-BE48-737679C350F3}.Debug|Any CPU.ActiveCfg = Debug|Any CPU
		{E2217DEF-7867-43BB-BE48-737679C350F3}.Debug|Any CPU.Build.0 = Debug|Any CPU
		{E2217DEF-7867-43BB-BE48-737679C350F3}.Release|Any CPU.ActiveCfg = Release|Any CPU
		{E2217DEF-7867-43BB-BE48-737679C350F3}.Release|Any CPU.Build.0 = Release|Any CPU
		{F80872C8-C1A9-46C1-A917-C41D5DDF39B6}.Debug|Any CPU.ActiveCfg = Debug|Any CPU
		{F80872C8-C1A9-46C1-A917-C41D5DDF39B6}.Debug|Any CPU.Build.0 = Debug|Any CPU
		{F80872C8-C1A9-46C1-A917-C41D5DDF39B6}.Release|Any CPU.ActiveCfg = Release|Any CPU
		{F80872C8-C1A9-46C1-A917-C41D5DDF39B6}.Release|Any CPU.Build.0 = Release|Any CPU
		{81C184C8-D2F4-44BA-9177-F72F96006FB8}.Debug|Any CPU.ActiveCfg = Debug|Any CPU
		{81C184C8-D2F4-44BA-9177-F72F96006FB8}.Debug|Any CPU.Build.0 = Debug|Any CPU
		{81C184C8-D2F4-44BA-9177-F72F96006FB8}.Release|Any CPU.ActiveCfg = Release|Any CPU
		{81C184C8-D2F4-44BA-9177-F72F96006FB8}.Release|Any CPU.Build.0 = Release|Any CPU
		{FF02A68A-1573-4199-B731-8C6ECA5B2624}.Debug|Any CPU.ActiveCfg = Debug|Any CPU
		{FF02A68A-1573-4199-B731-8C6ECA5B2624}.Debug|Any CPU.Build.0 = Debug|Any CPU
		{FF02A68A-1573-4199-B731-8C6ECA5B2624}.Release|Any CPU.ActiveCfg = Release|Any CPU
		{FF02A68A-1573-4199-B731-8C6ECA5B2624}.Release|Any CPU.Build.0 = Release|Any CPU
	EndGlobalSection
	GlobalSection(SolutionProperties) = preSolution
		HideSolutionNode = FALSE
	EndGlobalSection
	GlobalSection(ExtensibilityGlobals) = postSolution
		SolutionGuid = {FEA46688-B96B-46B6-9F2D-73888C2B6439}
	EndGlobalSection
EndGlobal
